
Microsoft Visual Studio Solution File, Format Version 12.00
# Visual Studio Version 16
VisualStudioVersion = 16.0.30804.86
MinimumVisualStudioVersion = 10.0.40219.1
Project("{9A19103F-16F7-4668-BE54-9A1E7A4F7556}") = "FurniTOOLS", "FurniTOOLS.csproj", "{BC47B5F7-D984-4A78-A9BF-C5A76AAB0303}"
EndProject
Global
	GlobalSection(SolutionConfigurationPlatforms) = preSolution
		Debug|Any CPU = Debug|Any CPU
		Release|Any CPU = Release|Any CPU
	EndGlobalSection
	GlobalSection(ProjectConfigurationPlatforms) = postSolution
		{BC47B5F7-D984-4A78-A9BF-C5A76AAB0303}.Debug|Any CPU.ActiveCfg = Debug|Any CPU
		{BC47B5F7-D984-4A78-A9BF-C5A76AAB0303}.Debug|Any CPU.Build.0 = Debug|Any CPU
		{BC47B5F7-D984-4A78-A9BF-C5A76AAB0303}.Release|Any CPU.ActiveCfg = Release|Any CPU
		{BC47B5F7-D984-4A78-A9BF-C5A76AAB0303}.Release|Any CPU.Build.0 = Release|Any CPU
	EndGlobalSection
	GlobalSection(SolutionProperties) = preSolution
		HideSolutionNode = FALSE
	EndGlobalSection
	GlobalSection(ExtensibilityGlobals) = postSolution
		SolutionGuid = {4B8F2A03-F9BE-4391-9BB9-AF8DC8AC954A}
	EndGlobalSection
EndGlobal
